
Microsoft Visual Studio Solution File, Format Version 12.00
# Visual Studio 2013
VisualStudioVersion = 12.0.21005.1
MinimumVisualStudioVersion = 10.0.40219.1
Project("{FAE04EC0-301F-11D3-BF4B-00C04F79EFBC}") = "PrimeFactorsKata", "PrimeFactorsKata\PrimeFactorsKata.csproj", "{131087F1-FE58-43C9-AF06-70F82C0031D7}"
EndProject
Project("{FAE04EC0-301F-11D3-BF4B-00C04F79EFBC}") = "PrimeFactorsKata.Tests", "PrimeFactorsKata.Tests\PrimeFactorsKata.Tests.csproj", "{13935DA4-2428-4EF6-8635-994226237FCC}"
EndProject
Global
	GlobalSection(SolutionConfigurationPlatforms) = preSolution
		Debug|Any CPU = Debug|Any CPU
		Release|Any CPU = Release|Any CPU
	EndGlobalSection
	GlobalSection(ProjectConfigurationPlatforms) = postSolution
		{131087F1-FE58-43C9-AF06-70F82C0031D7}.Debug|Any CPU.ActiveCfg = Debug|Any CPU
		{131087F1-FE58-43C9-AF06-70F82C0031D7}.Debug|Any CPU.Build.0 = Debug|Any CPU
		{131087F1-FE58-43C9-AF06-70F82C0031D7}.Release|Any CPU.ActiveCfg = Release|Any CPU
		{131087F1-FE58-43C9-AF06-70F82C0031D7}.Release|Any CPU.Build.0 = Release|Any CPU
		{13935DA4-2428-4EF6-8635-994226237FCC}.Debug|Any CPU.ActiveCfg = Debug|Any CPU
		{13935DA4-2428-4EF6-8635-994226237FCC}.Debug|Any CPU.Build.0 = Debug|Any CPU
		{13935DA4-2428-4EF6-8635-994226237FCC}.Release|Any CPU.ActiveCfg = Release|Any CPU
		{13935DA4-2428-4EF6-8635-994226237FCC}.Release|Any CPU.Build.0 = Release|Any CPU
	EndGlobalSection
	GlobalSection(SolutionProperties) = preSolution
		HideSolutionNode = FALSE
	EndGlobalSection
EndGlobal
